{
    "_readme": [
        "This file locks the dependencies of your project to a known state",
        "Read more about it at https://getcomposer.org/doc/01-basic-usage.md#installing-dependencies",
        "This file is @generated automatically"
    ],
    "content-hash": "3df00f6c09f5b3e5c1e0c1406949d619",
    "packages": [
        {
            "name": "ed-itsolutions/wp-fontawesome",
            "version": "v0.0.3",
            "source": {
                "type": "git",
                "url": "https://github.com/Ed-ITSolutions/wp-fontawesome.git",
                "reference": "105e68434cad93379b716a3ff69ba5053415e8e2"
            },
            "dist": {
                "type": "zip",
                "url": "https://api.github.com/repos/Ed-ITSolutions/wp-fontawesome/zipball/105e68434cad93379b716a3ff69ba5053415e8e2",
                "reference": "105e68434cad93379b716a3ff69ba5053415e8e2",
                "shasum": ""
            },
            "require": {
                "fortawesome/font-awesome": "^5.15",
                "php": "^5.3.3 || ^7.0"
            },
            "type": "library",
            "autoload": {
                "files": [
                    "fontawesome.php"
                ]
            },
            "notification-url": "https://packagist.org/downloads/",
            "license": [
                "MIT"
            ],
            "authors": [
                {
                    "name": "Adam Laycock",
                    "email": "adam@arcath.net",
                    "homepage": "https://www.arcath.net",
                    "role": "Developer"
                }
            ],
            "description": "Simple easy to bundle font-awesome for WordPress",
            "support": {
                "issues": "https://github.com/Ed-ITSolutions/wp-fontawesome/issues",
                "source": "https://github.com/Ed-ITSolutions/wp-fontawesome/tree/v0.0.3"
            },
            "time": "2021-03-16T10:43:59+00:00"
        },
        {
            "name": "fortawesome/font-awesome",
            "version": "5.15.2",
            "source": {
                "type": "git",
                "url": "https://github.com/FortAwesome/Font-Awesome.git",
                "reference": "fcec2d1b01ff069ac10500ac42e4478d20d21f4c"
            },
            "dist": {
                "type": "zip",
                "url": "https://api.github.com/repos/FortAwesome/Font-Awesome/zipball/fcec2d1b01ff069ac10500ac42e4478d20d21f4c",
                "reference": "fcec2d1b01ff069ac10500ac42e4478d20d21f4c",
                "shasum": ""
            },
            "type": "library",
            "notification-url": "https://packagist.org/downloads/",
            "license": [
                "CC-BY-4.0",
                "OFL-1.1",
                "MIT"
            ],
            "authors": [
                {
                    "name": "Travis Chase",
                    "homepage": "http://twitter.com/supercodepoet"
                },
                {
                    "name": "Dave Gandy",
                    "homepage": "http://twitter.com/davegandy"
                },
                {
                    "name": "Rob Madole",
                    "homepage": "http://twitter.com/robmadole"
                },
                {
                    "name": "Jory Raphael",
                    "homepage": "http://twitter.com/sensibleworld"
                },
                {
                    "name": "Geremia Taglialatela",
                    "homepage": "http://twitter.com/gtagliala"
                },
                {
                    "name": "Brian Talbot",
                    "homepage": "http://twitter.com/talbs"
                },
                {
                    "name": "Mike Wilkerson",
                    "homepage": "http://twitter.com/mw77"
                }
            ],
            "description": "The iconic font, CSS, and SVG framework",
            "homepage": "https://fontawesome.com",
            "keywords": [
                "FontAwesome",
                "awesome",
                "bootstrap",
                "font",
                "icon",
                "svg"
            ],
            "support": {
                "docs": "http://fontawesome.com/how-to-use",
                "email": "hello@fontawesome.com",
                "issues": "https://github.com/FortAwesome/Font-Awesome/issues",
                "source": "https://github.com/FortAwesome/Font-Awesome"
            },
            "time": "2021-01-13T20:23:11+00:00"
        }
    ],
    "packages-dev": [],
    "aliases": [],
    "minimum-stability": "stable",
    "stability-flags": [],
    "prefer-stable": false,
    "prefer-lowest": false,
    "platform": {
        "php": "^5.3.3 || ^7.0"
    },
    "platform-dev": [],
    "plugin-api-version": "2.0.0"
}
